
Microsoft Visual Studio Solution File, Format Version 12.00
# Visual Studio Version 17
VisualStudioVersion = 17.8.34330.188
MinimumVisualStudioVersion = 10.0.40219.1
Project("{9A19103F-16F7-4668-BE54-9A1E7A4F7556}") = "DotnetYuzuncuYilProje.Core", "DotnetYuzuncuYilProje.Core\DotnetYuzuncuYilProje.Core.csproj", "{AD659DC0-5329-472F-86C6-9516A17B6E49}"
EndProject
Project("{9A19103F-16F7-4668-BE54-9A1E7A4F7556}") = "DotnetYuzuncuYilProje.Repository", "DotnetYuzuncuYilProje.Repository\DotnetYuzuncuYilProje.Repository.csproj", "{046EEAA3-3744-49F8-BE74-E43C348891FF}"
EndProject
Project("{9A19103F-16F7-4668-BE54-9A1E7A4F7556}") = "DotnetYuzuncuYilProje.Service", "DotnetYuzuncuYilProje.Service\DotnetYuzuncuYilProje.Service.csproj", "{BD8E14AE-BC82-49DC-8229-575FEE323BBB}"
EndProject
Project("{9A19103F-16F7-4668-BE54-9A1E7A4F7556}") = "DotnetYuzuncuYilProje.API", "DotnetYuzuncuYılProje.API\DotnetYuzuncuYilProje.API.csproj", "{44DCDCBD-BBFE-40BF-8A84-CF6572282690}"
EndProject
Global
	GlobalSection(SolutionConfigurationPlatforms) = preSolution
		Debug|Any CPU = Debug|Any CPU
		Release|Any CPU = Release|Any CPU
	EndGlobalSection
	GlobalSection(ProjectConfigurationPlatforms) = postSolution
		{AD659DC0-5329-472F-86C6-9516A17B6E49}.Debug|Any CPU.ActiveCfg = Debug|Any CPU
		{AD659DC0-5329-472F-86C6-9516A17B6E49}.Debug|Any CPU.Build.0 = Debug|Any CPU
		{AD659DC0-5329-472F-86C6-9516A17B6E49}.Release|Any CPU.ActiveCfg = Release|Any CPU
		{AD659DC0-5329-472F-86C6-9516A17B6E49}.Release|Any CPU.Build.0 = Release|Any CPU
		{046EEAA3-3744-49F8-BE74-E43C348891FF}.Debug|Any CPU.ActiveCfg = Debug|Any CPU
		{046EEAA3-3744-49F8-BE74-E43C348891FF}.Debug|Any CPU.Build.0 = Debug|Any CPU
		{046EEAA3-3744-49F8-BE74-E43C348891FF}.Release|Any CPU.ActiveCfg = Release|Any CPU
		{046EEAA3-3744-49F8-BE74-E43C348891FF}.Release|Any CPU.Build.0 = Release|Any CPU
		{BD8E14AE-BC82-49DC-8229-575FEE323BBB}.Debug|Any CPU.ActiveCfg = Debug|Any CPU
		{BD8E14AE-BC82-49DC-8229-575FEE323BBB}.Debug|Any CPU.Build.0 = Debug|Any CPU
		{BD8E14AE-BC82-49DC-8229-575FEE323BBB}.Release|Any CPU.ActiveCfg = Release|Any CPU
		{BD8E14AE-BC82-49DC-8229-575FEE323BBB}.Release|Any CPU.Build.0 = Release|Any CPU
		{44DCDCBD-BBFE-40BF-8A84-CF6572282690}.Debug|Any CPU.ActiveCfg = Debug|Any CPU
		{44DCDCBD-BBFE-40BF-8A84-CF6572282690}.Debug|Any CPU.Build.0 = Debug|Any CPU
		{44DCDCBD-BBFE-40BF-8A84-CF6572282690}.Release|Any CPU.ActiveCfg = Release|Any CPU
		{44DCDCBD-BBFE-40BF-8A84-CF6572282690}.Release|Any CPU.Build.0 = Release|Any CPU
	EndGlobalSection
	GlobalSection(SolutionProperties) = preSolution
		HideSolutionNode = FALSE
	EndGlobalSection
	GlobalSection(ExtensibilityGlobals) = postSolution
		SolutionGuid = {0E08E141-F8EF-4D39-9100-1677526F7011}
	EndGlobalSection
EndGlobal
